
Microsoft Visual Studio Solution File, Format Version 12.00
# Visual Studio Version 17
VisualStudioVersion = 17.14.37628.2
MinimumVisualStudioVersion = 10.0.40219.1
Project("{8BC9CEB8-8B4A-11D0-8D11-00A0C91BC942}") = "ServerCore", "ServerCore\ServerCore.vcxproj", "{5132C6E9-98BE-48AF-8D42-E7EE3D032E9E}"
EndProject
Project("{8BC9CEB8-8B4A-11D0-8D11-00A0C91BC942}") = "GameServer", "GameServer\GameServer.vcxproj", "{420EB4C4-79E3-4C79-919E-64D85F730D0E}"
EndProject
Global
	GlobalSection(SolutionConfigurationPlatforms) = preSolution
		Debug|x64 = Debug|x64
		Debug|x86 = Debug|x86
		Release|x64 = Release|x64
		Release|x86 = Release|x86
	EndGlobalSection
	GlobalSection(ProjectConfigurationPlatforms) = postSolution
		{5132C6E9-98BE-48AF-8D42-E7EE3D032E9E}.Debug|x64.ActiveCfg = Debug|x64
		{5132C6E9-98BE-48AF-8D42-E7EE3D032E9E}.Debug|x64.Build.0 = Debug|x64
		{5132C6E9-98BE-48AF-8D42-E7EE3D032E9E}.Debug|x86.ActiveCfg = Debug|Win32
		{5132C6E9-98BE-48AF-8D42-E7EE3D032E9E}.Debug|x86.Build.0 = Debug|Win32
		{5132C6E9-98BE-48AF-8D42-E7EE3D032E9E}.Release|x64.ActiveCfg = Release|x64
		{5132C6E9-98BE-48AF-8D42-E7EE3D032E9E}.Release|x64.Build.0 = Release|x64
		{5132C6E9-98BE-48AF-8D42-E7EE3D032E9E}.Release|x86.ActiveCfg = Release|Win32
		{5132C6E9-98BE-48AF-8D42-E7EE3D032E9E}.Release|x86.Build.0 = Release|Win32
		{420EB4C4-79E3-4C79-919E-64D85F730D0E}.Debug|x64.ActiveCfg = Debug|x64
		{420EB4C4-79E3-4C79-919E-64D85F730D0E}.Debug|x64.Build.0 = Debug|x64
		{420EB4C4-79E3-4C79-919E-64D85F730D0E}.Debug|x86.ActiveCfg = Debug|Win32
		{420EB4C4-79E3-4C79-919E-64D85F730D0E}.Debug|x86.Build.0 = Debug|Win32
		{420EB4C4-79E3-4C79-919E-64D85F730D0E}.Release|x64.ActiveCfg = Release|x64
		{420EB4C4-79E3-4C79-919E-64D85F730D0E}.Release|x64.Build.0 = Release|x64
		{420EB4C4-79E3-4C79-919E-64D85F730D0E}.Release|x86.ActiveCfg = Release|Win32
		{420EB4C4-79E3-4C79-919E-64D85F730D0E}.Release|x86.Build.0 = Release|Win32
	EndGlobalSection
	GlobalSection(SolutionProperties) = preSolution
		HideSolutionNode = FALSE
	EndGlobalSection
	GlobalSection(ExtensibilityGlobals) = postSolution
		SolutionGuid = {1BC28D59-57F7-42C1-AD83-A284DEF77BC6}
	EndGlobalSection
EndGlobal
